{
  "name": "animoji-maker",
  "version": "0.0.1",
  "lockfileVersion": 1,
  "requires": true,
  "dependencies": {
    "@stencil/core": {
      "version": "1.9.0-12",
      "resolved": "https://registry.npmjs.org/@stencil/core/-/core-1.9.0-12.tgz",
      "integrity": "sha512-hLdr8/TD3mdCTmpNIT7kVhkEriFSKMZiy3nLwW3GE+KCwGRJ//1AaNCBL4ctRewgjWwqpxZNQ+l+kwI8JFAX6A==",
      "requires": {
        "typescript": "3.7.4"
      }
    },
    "@stencil/sass": {
      "version": "1.1.1",
      "resolved": "https://registry.npmjs.org/@stencil/sass/-/sass-1.1.1.tgz",
      "integrity": "sha512-Nny3JiFkpQa0RdXWCa4pzhKQYnHuDNzC9c4w35FcaZHXBVuZ1UHSHc7wI7By9SS1auYcySqpPOBVzgoCqXcYVQ==",
      "dev": true
    },
    "gif.js": {
      "version": "0.2.0",
      "resolved": "https://registry.npmjs.org/gif.js/-/gif.js-0.2.0.tgz",
      "integrity": "sha1-YV5uN4iFDNOiDIX+nwlTnnhJA+g="
    },
    "minimist": {
      "version": "1.2.0",
      "resolved": "https://registry.npmjs.org/minimist/-/minimist-1.2.0.tgz",
      "integrity": "sha1-o1AIsg9BOD7sH7kU9M1d95omQoQ=",
      "dev": true
    },
    "push-dir": {
      "version": "0.4.1",
      "resolved": "https://registry.npmjs.org/push-dir/-/push-dir-0.4.1.tgz",
      "integrity": "sha1-KUgerNnCEGu7eUHbbTfRIqBx7LQ=",
      "dev": true,
      "requires": {
        "minimist": "^1.2.0"
      }
    },
    "rxjs": {
      "version": "6.5.4",
      "resolved": "https://registry.npmjs.org/rxjs/-/rxjs-6.5.4.tgz",
      "integrity": "sha512-naMQXcgEo3csAEGvw/NydRA0fuS2nDZJiw1YUWFKU7aPPAPGZEsD4Iimit96qwCieH6y614MCLYwdkrWx7z/7Q==",
      "requires": {
        "tslib": "^1.9.0"
      }
    },
    "tslib": {
      "version": "1.10.0",
      "resolved": "https://registry.npmjs.org/tslib/-/tslib-1.10.0.tgz",
      "integrity": "sha512-qOebF53frne81cf0S9B41ByenJ3/IuH8yJKngAX35CmiZySA0khhkovshKK+jGCaMnVomla7gVlIcc3EvKPbTQ=="
    },
    "typescript": {
      "version": "3.7.4",
      "resolved": "https://registry.npmjs.org/typescript/-/typescript-3.7.4.tgz",
      "integrity": "sha512-A25xv5XCtarLwXpcDNZzCGvW2D1S3/bACratYBx2sax8PefsFhlYmkQicKHvpYflFS8if4zne5zT5kpJ7pzuvw=="
    }
  }
}
